
Microsoft Visual Studio Solution File, Format Version 12.00
# Visual Studio Version 17
VisualStudioVersion = 17.11.35219.272
MinimumVisualStudioVersion = 10.0.40219.1
Project("{9A19103F-16F7-4668-BE54-9A1E7A4F7556}") = "MediaPlaylistManager.BLL", "MediaPlaylistManager.BLL\MediaPlaylistManager.BLL.csproj", "{9A5CEAC6-68D7-4655-9B4F-9E304365050E}"
EndProject
Project("{9A19103F-16F7-4668-BE54-9A1E7A4F7556}") = "MediaPlaylistManager.DTO", "MediaPlaylistManager.DTO\MediaPlaylistManager.DTO.csproj", "{1C9AA0EB-E01A-4ED4-AC87-89F32D03313A}"
EndProject
Project("{9A19103F-16F7-4668-BE54-9A1E7A4F7556}") = "MediaPlaylistManager.SL", "MediaPlaylistManager.SL\MediaPlaylistManager.SL.csproj", "{E7532EB7-F2E9-4053-89EF-4F00CEFC8374}"
EndProject
Project("{9A19103F-16F7-4668-BE54-9A1E7A4F7556}") = "MediaPlaylistManager.PL.Maui.Client", "MediaPlaylistManager.PL.Maui.Client\MediaPlaylistManager.PL.Maui.Client.csproj", "{356DC740-6249-4F86-9266-59F6CA3D5D1B}"
EndProject
Project("{2150E333-8FDC-42A3-9474-1A3956D46DE8}") = "Applications", "Applications", "{67E8A569-9E09-4D5F-B57C-0C411FAA08B7}"
EndProject
Project("{2150E333-8FDC-42A3-9474-1A3956D46DE8}") = "Libraries", "Libraries", "{579C96A9-552B-4FBD-AFF3-319E7B62FC57}"
EndProject
Project("{9A19103F-16F7-4668-BE54-9A1E7A4F7556}") = "MediaPlaylistManager.UtilitiesLib", "MediaPlaylistManager.UtilitiesLib\MediaPlaylistManager.UtilitiesLib.csproj", "{45C9CF55-89A3-4817-A2F1-E6A24716BC2C}"
EndProject
Project("{9A19103F-16F7-4668-BE54-9A1E7A4F7556}") = "MediaPlaylistManager.PL.Maui.Shared", "MediaPlaylistManager.PL.Maui.Shared\MediaPlaylistManager.PL.Maui.Shared.csproj", "{9B679DCF-89E5-47AE-961A-635E71756D99}"
EndProject
Project("{FAE04EC0-301F-11D3-BF4B-00C04F79EFBC}") = "MediaPlaylistManager.DAL.Local.InMemory", "MediaPlaylistManager.DAL.Local.InMemory\MediaPlaylistManager.DAL.Local.InMemory.csproj", "{60EC47E9-D0D0-4346-A329-645657258E82}"
EndProject
Project("{FAE04EC0-301F-11D3-BF4B-00C04F79EFBC}") = "MediaPlaylistManager.DAL.Local.Sqlite", "MediaPlaylistManager.DAL.Local.Sqlite\MediaPlaylistManager.DAL.Local.Sqlite.csproj", "{FDDD164C-24A1-43FB-A8FA-04D388E05C7D}"
EndProject
Project("{FAE04EC0-301F-11D3-BF4B-00C04F79EFBC}") = "MediaPlaylistManager.DAL.Local.Shared", "MediaPlaylistManager.DAL.Local.Shared\MediaPlaylistManager.DAL.Local.Shared.csproj", "{A421301F-6562-433A-8678-516234C66E0A}"
EndProject
Project("{FAE04EC0-301F-11D3-BF4B-00C04F79EFBC}") = "MediaPlaylistManager.WebApi", "MediaPlaylistManager.WebApi\MediaPlaylistManager.WebApi.csproj", "{5FCAC461-4FF1-4C0D-8BA9-2F9630C351D7}"
EndProject
Project("{FAE04EC0-301F-11D3-BF4B-00C04F79EFBC}") = "MediaPlaylistManager.DAL.EFCore.WebApi", "MediaPlaylistManager.DAL.EFCore.WebApi\MediaPlaylistManager.DAL.EFCore.WebApi.csproj", "{A3DF5B35-5B3F-40FD-AD66-E7D13F5A5229}"
EndProject
Project("{FAE04EC0-301F-11D3-BF4B-00C04F79EFBC}") = "MediaPlaylistManager.DAL.EFCore.Shared", "MediaPlaylistManager.DAL.EFCore.Shared\MediaPlaylistManager.DAL.EFCore.Shared.csproj", "{086000C5-BFB8-4B86-B891-E84741F412C6}"
EndProject
Project("{2150E333-8FDC-42A3-9474-1A3956D46DE8}") = "Clients", "Clients", "{F355A165-142B-4352-89AC-A91ADB9FBE50}"
EndProject
Project("{2150E333-8FDC-42A3-9474-1A3956D46DE8}") = "Servers", "Servers", "{9EC14709-11CF-4B31-8AED-8F6F512EC357}"
EndProject
Global
	GlobalSection(SolutionConfigurationPlatforms) = preSolution
		Debug|Any CPU = Debug|Any CPU
		Release|Any CPU = Release|Any CPU
	EndGlobalSection
	GlobalSection(ProjectConfigurationPlatforms) = postSolution
		{9A5CEAC6-68D7-4655-9B4F-9E304365050E}.Debug|Any CPU.ActiveCfg = Debug|Any CPU
		{9A5CEAC6-68D7-4655-9B4F-9E304365050E}.Debug|Any CPU.Build.0 = Debug|Any CPU
		{9A5CEAC6-68D7-4655-9B4F-9E304365050E}.Release|Any CPU.ActiveCfg = Release|Any CPU
		{9A5CEAC6-68D7-4655-9B4F-9E304365050E}.Release|Any CPU.Build.0 = Release|Any CPU
		{1C9AA0EB-E01A-4ED4-AC87-89F32D03313A}.Debug|Any CPU.ActiveCfg = Debug|Any CPU
		{1C9AA0EB-E01A-4ED4-AC87-89F32D03313A}.Debug|Any CPU.Build.0 = Debug|Any CPU
		{1C9AA0EB-E01A-4ED4-AC87-89F32D03313A}.Release|Any CPU.ActiveCfg = Release|Any CPU
		{1C9AA0EB-E01A-4ED4-AC87-89F32D03313A}.Release|Any CPU.Build.0 = Release|Any CPU
		{E7532EB7-F2E9-4053-89EF-4F00CEFC8374}.Debug|Any CPU.ActiveCfg = Debug|Any CPU
		{E7532EB7-F2E9-4053-89EF-4F00CEFC8374}.Debug|Any CPU.Build.0 = Debug|Any CPU
		{E7532EB7-F2E9-4053-89EF-4F00CEFC8374}.Release|Any CPU.ActiveCfg = Release|Any CPU
		{E7532EB7-F2E9-4053-89EF-4F00CEFC8374}.Release|Any CPU.Build.0 = Release|Any CPU
		{356DC740-6249-4F86-9266-59F6CA3D5D1B}.Debug|Any CPU.ActiveCfg = Debug|Any CPU
		{356DC740-6249-4F86-9266-59F6CA3D5D1B}.Debug|Any CPU.Build.0 = Debug|Any CPU
		{356DC740-6249-4F86-9266-59F6CA3D5D1B}.Debug|Any CPU.Deploy.0 = Debug|Any CPU
		{356DC740-6249-4F86-9266-59F6CA3D5D1B}.Release|Any CPU.ActiveCfg = Release|Any CPU
		{356DC740-6249-4F86-9266-59F6CA3D5D1B}.Release|Any CPU.Build.0 = Release|Any CPU
		{45C9CF55-89A3-4817-A2F1-E6A24716BC2C}.Debug|Any CPU.ActiveCfg = Debug|Any CPU
		{45C9CF55-89A3-4817-A2F1-E6A24716BC2C}.Debug|Any CPU.Build.0 = Debug|Any CPU
		{45C9CF55-89A3-4817-A2F1-E6A24716BC2C}.Release|Any CPU.ActiveCfg = Release|Any CPU
		{45C9CF55-89A3-4817-A2F1-E6A24716BC2C}.Release|Any CPU.Build.0 = Release|Any CPU
		{9B679DCF-89E5-47AE-961A-635E71756D99}.Debug|Any CPU.ActiveCfg = Debug|Any CPU
		{9B679DCF-89E5-47AE-961A-635E71756D99}.Debug|Any CPU.Build.0 = Debug|Any CPU
		{9B679DCF-89E5-47AE-961A-635E71756D99}.Release|Any CPU.ActiveCfg = Release|Any CPU
		{9B679DCF-89E5-47AE-961A-635E71756D99}.Release|Any CPU.Build.0 = Release|Any CPU
		{60EC47E9-D0D0-4346-A329-645657258E82}.Debug|Any CPU.ActiveCfg = Debug|Any CPU
		{60EC47E9-D0D0-4346-A329-645657258E82}.Debug|Any CPU.Build.0 = Debug|Any CPU
		{60EC47E9-D0D0-4346-A329-645657258E82}.Release|Any CPU.ActiveCfg = Release|Any CPU
		{60EC47E9-D0D0-4346-A329-645657258E82}.Release|Any CPU.Build.0 = Release|Any CPU
		{FDDD164C-24A1-43FB-A8FA-04D388E05C7D}.Debug|Any CPU.ActiveCfg = Debug|Any CPU
		{FDDD164C-24A1-43FB-A8FA-04D388E05C7D}.Debug|Any CPU.Build.0 = Debug|Any CPU
		{FDDD164C-24A1-43FB-A8FA-04D388E05C7D}.Release|Any CPU.ActiveCfg = Release|Any CPU
		{FDDD164C-24A1-43FB-A8FA-04D388E05C7D}.Release|Any CPU.Build.0 = Release|Any CPU
		{A421301F-6562-433A-8678-516234C66E0A}.Debug|Any CPU.ActiveCfg = Debug|Any CPU
		{A421301F-6562-433A-8678-516234C66E0A}.Debug|Any CPU.Build.0 = Debug|Any CPU
		{A421301F-6562-433A-8678-516234C66E0A}.Release|Any CPU.ActiveCfg = Release|Any CPU
		{A421301F-6562-433A-8678-516234C66E0A}.Release|Any CPU.Build.0 = Release|Any CPU
		{5FCAC461-4FF1-4C0D-8BA9-2F9630C351D7}.Debug|Any CPU.ActiveCfg = Debug|Any CPU
		{5FCAC461-4FF1-4C0D-8BA9-2F9630C351D7}.Debug|Any CPU.Build.0 = Debug|Any CPU
		{5FCAC461-4FF1-4C0D-8BA9-2F9630C351D7}.Release|Any CPU.ActiveCfg = Release|Any CPU
		{5FCAC461-4FF1-4C0D-8BA9-2F9630C351D7}.Release|Any CPU.Build.0 = Release|Any CPU
		{A3DF5B35-5B3F-40FD-AD66-E7D13F5A5229}.Debug|Any CPU.ActiveCfg = Debug|Any CPU
		{A3DF5B35-5B3F-40FD-AD66-E7D13F5A5229}.Debug|Any CPU.Build.0 = Debug|Any CPU
		{A3DF5B35-5B3F-40FD-AD66-E7D13F5A5229}.Release|Any CPU.ActiveCfg = Release|Any CPU
		{A3DF5B35-5B3F-40FD-AD66-E7D13F5A5229}.Release|Any CPU.Build.0 = Release|Any CPU
		{086000C5-BFB8-4B86-B891-E84741F412C6}.Debug|Any CPU.ActiveCfg = Debug|Any CPU
		{086000C5-BFB8-4B86-B891-E84741F412C6}.Debug|Any CPU.Build.0 = Debug|Any CPU
		{086000C5-BFB8-4B86-B891-E84741F412C6}.Release|Any CPU.ActiveCfg = Release|Any CPU
		{086000C5-BFB8-4B86-B891-E84741F412C6}.Release|Any CPU.Build.0 = Release|Any CPU
	EndGlobalSection
	GlobalSection(SolutionProperties) = preSolution
		HideSolutionNode = FALSE
	EndGlobalSection
	GlobalSection(NestedProjects) = preSolution
		{9A5CEAC6-68D7-4655-9B4F-9E304365050E} = {579C96A9-552B-4FBD-AFF3-319E7B62FC57}
		{1C9AA0EB-E01A-4ED4-AC87-89F32D03313A} = {579C96A9-552B-4FBD-AFF3-319E7B62FC57}
		{E7532EB7-F2E9-4053-89EF-4F00CEFC8374} = {579C96A9-552B-4FBD-AFF3-319E7B62FC57}
		{45C9CF55-89A3-4817-A2F1-E6A24716BC2C} = {579C96A9-552B-4FBD-AFF3-319E7B62FC57}
		{9B679DCF-89E5-47AE-961A-635E71756D99} = {579C96A9-552B-4FBD-AFF3-319E7B62FC57}
		{60EC47E9-D0D0-4346-A329-645657258E82} = {579C96A9-552B-4FBD-AFF3-319E7B62FC57}
		{FDDD164C-24A1-43FB-A8FA-04D388E05C7D} = {579C96A9-552B-4FBD-AFF3-319E7B62FC57}
		{A421301F-6562-433A-8678-516234C66E0A} = {579C96A9-552B-4FBD-AFF3-319E7B62FC57}
		{A3DF5B35-5B3F-40FD-AD66-E7D13F5A5229} = {579C96A9-552B-4FBD-AFF3-319E7B62FC57}
		{086000C5-BFB8-4B86-B891-E84741F412C6} = {579C96A9-552B-4FBD-AFF3-319E7B62FC57}
		{F355A165-142B-4352-89AC-A91ADB9FBE50} = {67E8A569-9E09-4D5F-B57C-0C411FAA08B7}
		{9EC14709-11CF-4B31-8AED-8F6F512EC357} = {67E8A569-9E09-4D5F-B57C-0C411FAA08B7}
		{5FCAC461-4FF1-4C0D-8BA9-2F9630C351D7} = {9EC14709-11CF-4B31-8AED-8F6F512EC357}
		{356DC740-6249-4F86-9266-59F6CA3D5D1B} = {F355A165-142B-4352-89AC-A91ADB9FBE50}
	EndGlobalSection
EndGlobal
